
Microsoft Visual Studio Solution File, Format Version 12.00
# Visual Studio 15
VisualStudioVersion = 15.0.28307.902
MinimumVisualStudioVersion = 10.0.40219.1
Project("{D2ABAB84-BF74-430A-B69E-9DC6D40DDA17}") = "MultidimensionalProject1", "MultidimensionalProject1\MultidimensionalProject1.dwproj", "{BD43B3FF-B300-4196-BE7C-8B8114719605}"
EndProject
Global
	GlobalSection(SolutionConfigurationPlatforms) = preSolution
		Development|Default = Development|Default
	EndGlobalSection
	GlobalSection(ProjectConfigurationPlatforms) = postSolution
		{BD43B3FF-B300-4196-BE7C-8B8114719605}.Development|Default.ActiveCfg = Development
		{BD43B3FF-B300-4196-BE7C-8B8114719605}.Development|Default.Build.0 = Development
		{BD43B3FF-B300-4196-BE7C-8B8114719605}.Development|Default.Deploy.0 = Development
	EndGlobalSection
	GlobalSection(SolutionProperties) = preSolution
		HideSolutionNode = FALSE
	EndGlobalSection
	GlobalSection(ExtensibilityGlobals) = postSolution
		SolutionGuid = {6F024CF4-F185-4E8B-94A9-7E6DC606D92E}
	EndGlobalSection
EndGlobal
